
Microsoft Visual Studio Solution File, Format Version 12.00
# Visual Studio Version 17
VisualStudioVersion = 17.13.35919.96 d17.13
MinimumVisualStudioVersion = 10.0.40219.1
Project("{FAE04EC0-301F-11D3-BF4B-00C04F79EFBC}") = "AccountAPI.Tests.T3", "AccountAPI.Tests.T3.csproj", "{C762FFDF-FC15-E569-6648-E70E3E0B5D77}"
EndProject
Global
	GlobalSection(SolutionConfigurationPlatforms) = preSolution
		Debug|Any CPU = Debug|Any CPU
		Release|Any CPU = Release|Any CPU
	EndGlobalSection
	GlobalSection(ProjectConfigurationPlatforms) = postSolution
		{C762FFDF-FC15-E569-6648-E70E3E0B5D77}.Debug|Any CPU.ActiveCfg = Debug|Any CPU
		{C762FFDF-FC15-E569-6648-E70E3E0B5D77}.Debug|Any CPU.Build.0 = Debug|Any CPU
		{C762FFDF-FC15-E569-6648-E70E3E0B5D77}.Release|Any CPU.ActiveCfg = Release|Any CPU
		{C762FFDF-FC15-E569-6648-E70E3E0B5D77}.Release|Any CPU.Build.0 = Release|Any CPU
	EndGlobalSection
	GlobalSection(SolutionProperties) = preSolution
		HideSolutionNode = FALSE
	EndGlobalSection
	GlobalSection(ExtensibilityGlobals) = postSolution
		SolutionGuid = {61F86ACF-CE39-4B7F-AA44-EE637CFB6786}
	EndGlobalSection
EndGlobal
